// !$*UTF8*$!
{
	archiveVersion = 1;
	classes = {
	};
	objectVersion = 56;
	objects = {

/* Begin PBXBuildFile section */
		0F6B46E02A1DF3CD0010E661 /* Tick_ItApp.swift in Sources */ = {isa = PBXBuildFile; fileRef = 0F6B46DF2A1DF3CD0010E661 /* Tick_ItApp.swift */; };
		0F6B46E22A1DF3CD0010E661 /* ContentView.swift in Sources */ = {isa = PBXBuildFile; fileRef = 0F6B46E12A1DF3CD0010E661 /* ContentView.swift */; };
		0F6B46E42A1DF3CE0010E661 /* Assets.xcassets in Resources */ = {isa = PBXBuildFile; fileRef = 0F6B46E32A1DF3CE0010E661 /* Assets.xcassets */; };
		0F6B46E82A1DF3CE0010E661 /* Preview Assets.xcassets in Resources */ = {isa = PBXBuildFile; fileRef = 0F6B46E72A1DF3CE0010E661 /* Preview Assets.xcassets */; };
		0F6B46F22A1DF3CF0010E661 /* Tick_ItTests.swift in Sources */ = {isa = PBXBuildFile; fileRef = 0F6B46F12A1DF3CF0010E661 /* Tick_ItTests.swift */; };
		0F6B46FC2A1DF3CF0010E661 /* Tick_ItUITests.swift in Sources */ = {isa = PBXBuildFile; fileRef = 0F6B46FB2A1DF3CF0010E661 /* Tick_ItUITests.swift */; };
		0F6B46FE2A1DF3CF0010E661 /* Tick_ItUITestsLaunchTests.swift in Sources */ = {isa = PBXBuildFile; fileRef = 0F6B46FD2A1DF3CF0010E661 /* Tick_ItUITestsLaunchTests.swift */; };
/* End PBXBuildFile section */

/* Begin PBXContainerItemProxy section */
		0F6B46EE2A1DF3CF0010E661 /* PBXContainerItemProxy */ = {
			isa = PBXContainerItemProxy;
			containerPortal = 0F6B46D42A1DF3CD0010E661 /* Project object */;
			proxyType = 1;
			remoteGlobalIDString = 0F6B46DB2A1DF3CD0010E661;
			remoteInfo = "Tick It";
		};
		0F6B46F82A1DF3CF0010E661 /* PBXContainerItemProxy */ = {
			isa = PBXContainerItemProxy;
			containerPortal = 0F6B46D42A1DF3CD0010E661 /* Project object */;
			proxyType = 1;
			remoteGlobalIDString = 0F6B46DB2A1DF3CD0010E661;
			remoteInfo = "Tick It";
		};
/* End PBXContainerItemProxy section */

/* Begin PBXFileReference section */
		0F6B46DC2A1DF3CD0010E661 /* Tick It.app */ = {isa = PBXFileReference; explicitFileType = wrapper.application; includeInIndex = 0; path = "Tick It.app"; sourceTree = BUILT_PRODUCTS_DIR; };
		0F6B46DF2A1DF3CD0010E661 /* Tick_ItApp.swift */ = {isa = PBXFileReference; lastKnownFileType = sourcecode.swift; path = Tick_ItApp.swift; sourceTree = "<group>"; };
		0F6B46E12A1DF3CD0010E661 /* ContentView.swift */ = {isa = PBXFileReference; lastKnownFileType = sourcecode.swift; path = ContentView.swift; sourceTree = "<group>"; };
		0F6B46E32A1DF3CE0010E661 /* Assets.xcassets */ = {isa = PBXFileReference; lastKnownFileType = folder.assetcatalog; path = Assets.xcassets; sourceTree = "<group>"; };
		0F6B46E52A1DF3CE0010E661 /* Tick_It.entitlements */ = {isa = PBXFileReference; lastKnownFileType = text.plist.entitlements; path = Tick_It.entitlements; sourceTree = "<group>"; };
		0F6B46E72A1DF3CE0010E661 /* Preview Assets.xcassets */ = {isa = PBXFileReference; lastKnownFileType = folder.assetcatalog; path = "Preview Assets.xcassets"; sourceTree = "<group>"; };
		0F6B46ED2A1DF3CF0010E661 /* Tick ItTests.xctest */ = {isa = PBXFileReference; explicitFileType = wrapper.cfbundle; includeInIndex = 0; path = "Tick ItTests.xctest"; sourceTree = BUILT_PRODUCTS_DIR; };
		0F6B46F12A1DF3CF0010E661 /* Tick_ItTests.swift */ = {isa = PBXFileReference; lastKnownFileType = sourcecode.swift; path = Tick_ItTests.swift; sourceTree = "<group>"; };
		0F6B46F72A1DF3CF0010E661 /* Tick ItUITests.xctest */ = {isa = PBXFileReference; explicitFileType = wrapper.cfbundle; includeInIndex = 0; path = "Tick ItUITests.xctest"; sourceTree = BUILT_PRODUCTS_DIR; };
		0F6B46FB2A1DF3CF0010E661 /* Tick_ItUITests.swift */ = {isa = PBXFileReference; lastKnownFileType = sourcecode.swift; path = Tick_ItUITests.swift; sourceTree = "<group>"; };
		0F6B46FD2A1DF3CF0010E661 /* Tick_ItUITestsLaunchTests.swift */ = {isa = PBXFileReference; lastKnownFileType = sourcecode.swift; path = Tick_ItUITestsLaunchTests.swift; sourceTree = "<group>"; };
/* End PBXFileReference section */

/* Begin PBXFrameworksBuildPhase section */
		0F6B46D92A1DF3CD0010E661 /* Frameworks */ = {
			isa = PBXFrameworksBuildPhase;
			buildActionMask = 2147483647;
			files = (
			);
			runOnlyForDeploymentPostprocessing = 0;
		};
		0F6B46EA2A1DF3CF0010E661 /* Frameworks */ = {
			isa = PBXFrameworksBuildPhase;
			buildActionMask = 2147483647;
			files = (
			);
			runOnlyForDeploymentPostprocessing = 0;
		};
		0F6B46F42A1DF3CF0010E661 /* Frameworks */ = {
			isa = PBXFrameworksBuildPhase;
			buildActionMask = 2147483647;
			files = (
			);
			runOnlyForDeploymentPostprocessing = 0;
		};
/* End PBXFrameworksBuildPhase section */

/* Begin PBXGroup section */
		0F6B46D32A1DF3CD0010E661 = {
			isa = PBXGroup;
			children = (
				0F6B46DE2A1DF3CD0010E661 /* Tick It */,
				0F6B46F02A1DF3CF0010E661 /* Tick ItTests */,
				0F6B46FA2A1DF3CF0010E661 /* Tick ItUITests */,
				0F6B46DD2A1DF3CD0010E661 /* Products */,
			);
			sourceTree = "<group>";
		};
		0F6B46DD2A1DF3CD0010E661 /* Products */ = {
			isa = PBXGroup;
			children = (
				0F6B46DC2A1DF3CD0010E661 /* Tick It.app */,
				0F6B46ED2A1DF3CF0010E661 /* Tick ItTests.xctest */,
				0F6B46F72A1DF3CF0010E661 /* Tick ItUITests.xctest */,
			);
			name = Products;
			sourceTree = "<group>";
		};
		0F6B46DE2A1DF3CD0010E661 /* Tick It */ = {
			isa = PBXGroup;
			children = (
				0F6B470A2A1DF86B0010E661 /* Views */,
				0F6B46DF2A1DF3CD0010E661 /* Tick_ItApp.swift */,
				0F6B46E32A1DF3CE0010E661 /* Assets.xcassets */,
				0F6B46E52A1DF3CE0010E661 /* Tick_It.entitlements */,
				0F6B46E62A1DF3CE0010E661 /* Preview Content */,
			);
			path = "Tick It";
			sourceTree = "<group>";
		};
		0F6B46E62A1DF3CE0010E661 /* Preview Content */ = {
			isa = PBXGroup;
			children = (
				0F6B46E72A1DF3CE0010E661 /* Preview Assets.xcassets */,
			);
			path = "Preview Content";
			sourceTree = "<group>";
		};
		0F6B46F02A1DF3CF0010E661 /* Tick ItTests */ = {
			isa = PBXGroup;
			children = (
				0F6B46F12A1DF3CF0010E661 /* Tick_ItTests.swift */,
			);
			path = "Tick ItTests";
			sourceTree = "<group>";
		};
		0F6B46FA2A1DF3CF0010E661 /* Tick ItUITests */ = {
			isa = PBXGroup;
			children = (
				0F6B46FB2A1DF3CF0010E661 /* Tick_ItUITests.swift */,
				0F6B46FD2A1DF3CF0010E661 /* Tick_ItUITestsLaunchTests.swift */,
			);
			path = "Tick ItUITests";
			sourceTree = "<group>";
		};
		0F6B470A2A1DF86B0010E661 /* Views */ = {
			isa = PBXGroup;
			children = (
				0F6B46E12A1DF3CD0010E661 /* ContentView.swift */,
			);
			path = Views;
			sourceTree = "<group>";
		};
/* End PBXGroup section */

/* Begin PBXNativeTarget section */
		0F6B46DB2A1DF3CD0010E661 /* Tick It */ = {
			isa = PBXNativeTarget;
			buildConfigurationList = 0F6B47012A1DF3CF0010E661 /* Build configuration list for PBXNativeTarget "Tick It" */;
			buildPhases = (
				0F6B46D82A1DF3CD0010E661 /* Sources */,
				0F6B46D92A1DF3CD0010E661 /* Frameworks */,
				0F6B46DA2A1DF3CD0010E661 /* Resources */,
			);
			buildRules = (
			);
			dependencies = (
			);
			name = "Tick It";
			productName = "Tick It";
			productReference = 0F6B46DC2A1DF3CD0010E661 /* Tick It.app */;
			productType = "com.apple.product-type.application";
		};
		0F6B46EC2A1DF3CF0010E661 /* Tick ItTests */ = {
			isa = PBXNativeTarget;
			buildConfigurationList = 0F6B47042A1DF3CF0010E661 /* Build configuration list for PBXNativeTarget "Tick ItTests" */;
			buildPhases = (
				0F6B46E92A1DF3CF0010E661 /* Sources */,
				0F6B46EA2A1DF3CF0010E661 /* Frameworks */,
				0F6B46EB2A1DF3CF0010E661 /* Resources */,
			);
			buildRules = (
			);
			dependencies = (
				0F6B46EF2A1DF3CF0010E661 /* PBXTargetDependency */,
			);
			name = "Tick ItTests";
			productName = "Tick ItTests";
			productReference = 0F6B46ED2A1DF3CF0010E661 /* Tick ItTests.xctest */;
			productType = "com.apple.product-type.bundle.unit-test";
		};
		0F6B46F62A1DF3CF0010E661 /* Tick ItUITests */ = {
			isa = PBXNativeTarget;
			buildConfigurationList = 0F6B47072A1DF3CF0010E661 /* Build configuration list for PBXNativeTarget "Tick ItUITests" */;
			buildPhases = (
				0F6B46F32A1DF3CF0010E661 /* Sources */,
				0F6B46F42A1DF3CF0010E661 /* Frameworks */,
				0F6B46F52A1DF3CF0010E661 /* Resources */,
			);
			buildRules = (
			);
			dependencies = (
				0F6B46F92A1DF3CF0010E661 /* PBXTargetDependency */,
			);
			name = "Tick ItUITests";
			productName = "Tick ItUITests";
			productReference = 0F6B46F72A1DF3CF0010E661 /* Tick ItUITests.xctest */;
			productType = "com.apple.product-type.bundle.ui-testing";
		};
/* End PBXNativeTarget section */

/* Begin PBXProject section */
		0F6B46D42A1DF3CD0010E661 /* Project object */ = {
			isa = PBXProject;
			attributes = {
				BuildIndependentTargetsInParallel = 1;
				LastSwiftUpdateCheck = 1430;
				LastUpgradeCheck = 1430;
				TargetAttributes = {
					0F6B46DB2A1DF3CD0010E661 = {
						CreatedOnToolsVersion = 14.3;
					};
					0F6B46EC2A1DF3CF0010E661 = {
						CreatedOnToolsVersion = 14.3;
						TestTargetID = 0F6B46DB2A1DF3CD0010E661;
					};
					0F6B46F62A1DF3CF0010E661 = {
						CreatedOnToolsVersion = 14.3;
						TestTargetID = 0F6B46DB2A1DF3CD0010E661;
					};
				};
			};
			buildConfigurationList = 0F6B46D72A1DF3CD0010E661 /* Build configuration list for PBXProject "Tick It" */;
			compatibilityVersion = "Xcode 14.0";
			developmentRegion = en;
			hasScannedForEncodings = 0;
			knownRegions = (
				en,
				Base,
			);
			mainGroup = 0F6B46D32A1DF3CD0010E661;
			productRefGroup = 0F6B46DD2A1DF3CD0010E661 /* Products */;
			projectDirPath = "";
			projectRoot = "";
			targets = (
				0F6B46DB2A1DF3CD0010E661 /* Tick It */,
				0F6B46EC2A1DF3CF0010E661 /* Tick ItTests */,
				0F6B46F62A1DF3CF0010E661 /* Tick ItUITests */,
			);
		};
/* End PBXProject section */

/* Begin PBXResourcesBuildPhase section */
		0F6B46DA2A1DF3CD0010E661 /* Resources */ = {
			isa = PBXResourcesBuildPhase;
			buildActionMask = 2147483647;
			files = (
				0F6B46E82A1DF3CE0010E661 /* Preview Assets.xcassets in Resources */,
				0F6B46E42A1DF3CE0010E661 /* Assets.xcassets in Resources */,
			);
			runOnlyForDeploymentPostprocessing = 0;
		};
		0F6B46EB2A1DF3CF0010E661 /* Resources */ = {
			isa = PBXResourcesBuildPhase;
			buildActionMask = 2147483647;
			files = (
			);
			runOnlyForDeploymentPostprocessing = 0;
		};
		0F6B46F52A1DF3CF0010E661 /* Resources */ = {
			isa = PBXResourcesBuildPhase;
			buildActionMask = 2147483647;
			files = (
			);
			runOnlyForDeploymentPostprocessing = 0;
		};
/* End PBXResourcesBuildPhase section */

/* Begin PBXSourcesBuildPhase section */
		0F6B46D82A1DF3CD0010E661 /* Sources */ = {
			isa = PBXSourcesBuildPhase;
			buildActionMask = 2147483647;
			files = (
				0F6B46E22A1DF3CD0010E661 /* ContentView.swift in Sources */,
				0F6B46E02A1DF3CD0010E661 /* Tick_ItApp.swift in Sources */,
			);
			runOnlyForDeploymentPostprocessing = 0;
		};
		0F6B46E92A1DF3CF0010E661 /* Sources */ = {
			isa = PBXSourcesBuildPhase;
			buildActionMask = 2147483647;
			files = (
				0F6B46F22A1DF3CF0010E661 /* Tick_ItTests.swift in Sources */,
			);
			runOnlyForDeploymentPostprocessing = 0;
		};
		0F6B46F32A1DF3CF0010E661 /* Sources */ = {
			isa = PBXSourcesBuildPhase;
			buildActionMask = 2147483647;
			files = (
				0F6B46FE2A1DF3CF0010E661 /* Tick_ItUITestsLaunchTests.swift in Sources */,
				0F6B46FC2A1DF3CF0010E661 /* Tick_ItUITests.swift in Sources */,
			);
			runOnlyForDeploymentPostprocessing = 0;
		};
/* End PBXSourcesBuildPhase section */

/* Begin PBXTargetDependency section */
		0F6B46EF2A1DF3CF0010E661 /* PBXTargetDependency */ = {
			isa = PBXTargetDependency;
			target = 0F6B46DB2A1DF3CD0010E661 /* Tick It */;
			targetProxy = 0F6B46EE2A1DF3CF0010E661 /* PBXContainerItemProxy */;
		};
		0F6B46F92A1DF3CF0010E661 /* PBXTargetDependency */ = {
			isa = PBXTargetDependency;
			target = 0F6B46DB2A1DF3CD0010E661 /* Tick It */;
			targetProxy = 0F6B46F82A1DF3CF0010E661 /* PBXContainerItemProxy */;
		};
/* End PBXTargetDependency section */

/* Begin XCBuildConfiguration section */
		0F6B46FF2A1DF3CF0010E661 /* Debug */ = {
			isa = XCBuildConfiguration;
			buildSettings = {
				ALWAYS_SEARCH_USER_PATHS = NO;
				CLANG_ANALYZER_NONNULL = YES;
				CLANG_ANALYZER_NUMBER_OBJECT_CONVERSION = YES_AGGRESSIVE;
				CLANG_CXX_LANGUAGE_STANDARD = "gnu++20";
				CLANG_ENABLE_MODULES = YES;
				CLANG_ENABLE_OBJC_ARC = YES;
				CLANG_ENABLE_OBJC_WEAK = YES;
				CLANG_WARN_BLOCK_CAPTURE_AUTORELEASING = YES;
				CLANG_WARN_BOOL_CONVERSION = YES;
				CLANG_WARN_COMMA = YES;
				CLANG_WARN_CONSTANT_CONVERSION = YES;
				CLANG_WARN_DEPRECATED_OBJC_IMPLEMENTATIONS = YES;
				CLANG_WARN_DIRECT_OBJC_ISA_USAGE = YES_ERROR;
				CLANG_WARN_DOCUMENTATION_COMMENTS = YES;
				CLANG_WARN_EMPTY_BODY = YES;
				CLANG_WARN_ENUM_CONVERSION = YES;
				CLANG_WARN_INFINITE_RECURSION = YES;
				CLANG_WARN_INT_CONVERSION = YES;
				CLANG_WARN_NON_LITERAL_NULL_CONVERSION = YES;
				CLANG_WARN_OBJC_IMPLICIT_RETAIN_SELF = YES;
				CLANG_WARN_OBJC_LITERAL_CONVERSION = YES;
				CLANG_WARN_OBJC_ROOT_CLASS = YES_ERROR;
				CLANG_WARN_QUOTED_INCLUDE_IN_FRAMEWORK_HEADER = YES;
				CLANG_WARN_RANGE_LOOP_ANALYSIS = YES;
				CLANG_WARN_STRICT_PROTOTYPES = YES;
				CLANG_WARN_SUSPICIOUS_MOVE = YES;
				CLANG_WARN_UNGUARDED_AVAILABILITY = YES_AGGRESSIVE;
				CLANG_WARN_UNREACHABLE_CODE = YES;
				CLANG_WARN__DUPLICATE_METHOD_MATCH = YES;
				COPY_PHASE_STRIP = NO;
				DEBUG_INFORMATION_FORMAT = dwarf;
				ENABLE_STRICT_OBJC_MSGSEND = YES;
				ENABLE_TESTABILITY = YES;
				GCC_C_LANGUAGE_STANDARD = gnu11;
				GCC_DYNAMIC_NO_PIC = NO;
				GCC_NO_COMMON_BLOCKS = YES;
				GCC_OPTIMIZATION_LEVEL = 0;
				GCC_PREPROCESSOR_DEFINITIONS = (
					"DEBUG=1",
					"$(inherited)",
				);
				GCC_WARN_64_TO_32_BIT_CONVERSION = YES;
				GCC_WARN_ABOUT_RETURN_TYPE = YES_ERROR;
				GCC_WARN_UNDECLARED_SELECTOR = YES;
				GCC_WARN_UNINITIALIZED_AUTOS = YES_AGGRESSIVE;
				GCC_WARN_UNUSED_FUNCTION = YES;
				GCC_WARN_UNUSED_VARIABLE = YES;
				MTL_ENABLE_DEBUG_INFO = INCLUDE_SOURCE;
				MTL_FAST_MATH = YES;
				ONLY_ACTIVE_ARCH = YES;
				SWIFT_ACTIVE_COMPILATION_CONDITIONS = DEBUG;
				SWIFT_OPTIMIZATION_LEVEL = "-Onone";
			};
			name = Debug;
		};
		0F6B47002A1DF3CF0010E661 /* Release */ = {
			isa = XCBuildConfiguration;
			buildSettings = {
				ALWAYS_SEARCH_USER_PATHS = NO;
				CLANG_ANALYZER_NONNULL = YES;
				CLANG_ANALYZER_NUMBER_OBJECT_CONVERSION = YES_AGGRESSIVE;
				CLANG_CXX_LANGUAGE_STANDARD = "gnu++20";
				CLANG_ENABLE_MODULES = YES;
				CLANG_ENABLE_OBJC_ARC = YES;
				CLANG_ENABLE_OBJC_WEAK = YES;
				CLANG_WARN_BLOCK_CAPTURE_AUTORELEASING = YES;
				CLANG_WARN_BOOL_CONVERSION = YES;
				CLANG_WARN_COMMA = YES;
				CLANG_WARN_CONSTANT_CONVERSION = YES;
				CLANG_WARN_DEPRECATED_OBJC_IMPLEMENTATIONS = YES;
				CLANG_WARN_DIRECT_OBJC_ISA_USAGE = YES_ERROR;
				CLANG_WARN_DOCUMENTATION_COMMENTS = YES;
				CLANG_WARN_EMPTY_BODY = YES;
				CLANG_WARN_ENUM_CONVERSION = YES;
				CLANG_WARN_INFINITE_RECURSION = YES;
				CLANG_WARN_INT_CONVERSION = YES;
				CLANG_WARN_NON_LITERAL_NULL_CONVERSION = YES;
				CLANG_WARN_OBJC_IMPLICIT_RETAIN_SELF = YES;
				CLANG_WARN_OBJC_LITERAL_CONVERSION = YES;
				CLANG_WARN_OBJC_ROOT_CLASS = YES_ERROR;
				CLANG_WARN_QUOTED_INCLUDE_IN_FRAMEWORK_HEADER = YES;
				CLANG_WARN_RANGE_LOOP_ANALYSIS = YES;
				CLANG_WARN_STRICT_PROTOTYPES = YES;
				CLANG_WARN_SUSPICIOUS_MOVE = YES;
				CLANG_WARN_UNGUARDED_AVAILABILITY = YES_AGGRESSIVE;
				CLANG_WARN_UNREACHABLE_CODE = YES;
				CLANG_WARN__DUPLICATE_METHOD_MATCH = YES;
				COPY_PHASE_STRIP = NO;
				DEBUG_INFORMATION_FORMAT = "dwarf-with-dsym";
				ENABLE_NS_ASSERTIONS = NO;
				ENABLE_STRICT_OBJC_MSGSEND = YES;
				GCC_C_LANGUAGE_STANDARD = gnu11;
				GCC_NO_COMMON_BLOCKS = YES;
				GCC_WARN_64_TO_32_BIT_CONVERSION = YES;
				GCC_WARN_ABOUT_RETURN_TYPE = YES_ERROR;
				GCC_WARN_UNDECLARED_SELECTOR = YES;
				GCC_WARN_UNINITIALIZED_AUTOS = YES_AGGRESSIVE;
				GCC_WARN_UNUSED_FUNCTION = YES;
				GCC_WARN_UNUSED_VARIABLE = YES;
				MTL_ENABLE_DEBUG_INFO = NO;
				MTL_FAST_MATH = YES;
				SWIFT_COMPILATION_MODE = wholemodule;
				SWIFT_OPTIMIZATION_LEVEL = "-O";
			};
			name = Release;
		};
		0F6B47022A1DF3CF0010E661 /* Debug */ = {
			isa = XCBuildConfiguration;
			buildSettings = {
				ASSETCATALOG_COMPILER_APPICON_NAME = AppIcon;
				ASSETCATALOG_COMPILER_GLOBAL_ACCENT_COLOR_NAME = AccentColor;
				CODE_SIGN_ENTITLEMENTS = "Tick It/Tick_It.entitlements";
				CODE_SIGN_STYLE = Automatic;
				CURRENT_PROJECT_VERSION = 1;
				DEVELOPMENT_ASSET_PATHS = "\"Tick It/Preview Content\"";
				DEVELOPMENT_TEAM = 2R4546K47A;
				ENABLE_HARDENED_RUNTIME = YES;
				ENABLE_PREVIEWS = YES;
				GENERATE_INFOPLIST_FILE = YES;
				INFOPLIST_KEY_CFBundleDisplayName = "Tick 't";
				"INFOPLIST_KEY_UIApplicationSceneManifest_Generation[sdk=iphoneos*]" = YES;
				"INFOPLIST_KEY_UIApplicationSceneManifest_Generation[sdk=iphonesimulator*]" = YES;
				"INFOPLIST_KEY_UIApplicationSupportsIndirectInputEvents[sdk=iphoneos*]" = YES;
				"INFOPLIST_KEY_UIApplicationSupportsIndirectInputEvents[sdk=iphonesimulator*]" = YES;
				"INFOPLIST_KEY_UILaunchScreen_Generation[sdk=iphoneos*]" = YES;
				"INFOPLIST_KEY_UILaunchScreen_Generation[sdk=iphonesimulator*]" = YES;
				"INFOPLIST_KEY_UIStatusBarStyle[sdk=iphoneos*]" = UIStatusBarStyleDefault;
				"INFOPLIST_KEY_UIStatusBarStyle[sdk=iphonesimulator*]" = UIStatusBarStyleDefault;
				INFOPLIST_KEY_UISupportedInterfaceOrientations_iPad = "UIInterfaceOrientationPortrait UIInterfaceOrientationPortraitUpsideDown UIInterfaceOrientationLandscapeLeft UIInterfaceOrientationLandscapeRight";
				INFOPLIST_KEY_UISupportedInterfaceOrientations_iPhone = "UIInterfaceOrientationPortrait UIInterfaceOrientationLandscapeLeft UIInterfaceOrientationLandscapeRight";
				IPHONEOS_DEPLOYMENT_TARGET = 16.4;
				LD_RUNPATH_SEARCH_PATHS = "@executable_path/Frameworks";
				"LD_RUNPATH_SEARCH_PATHS[sdk=macosx*]" = "@executable_path/../Frameworks";
				MACOSX_DEPLOYMENT_TARGET = 13.3;
				MARKETING_VERSION = 1.0;
				PRODUCT_BUNDLE_IDENTIFIER = "com.gifgroen.Tick-It";
				PRODUCT_NAME = "$(TARGET_NAME)";
				SDKROOT = auto;
				SUPPORTED_PLATFORMS = "iphoneos iphonesimulator macosx";
				SWIFT_EMIT_LOC_STRINGS = YES;
				SWIFT_VERSION = 5.0;
				TARGETED_DEVICE_FAMILY = "1,2";
			};
			name = Debug;
		};
		0F6B47032A1DF3CF0010E661 /* Release */ = {
			isa = XCBuildConfiguration;
			buildSettings = {
				ASSETCATALOG_COMPILER_APPICON_NAME = AppIcon;
				ASSETCATALOG_COMPILER_GLOBAL_ACCENT_COLOR_NAME = AccentColor;
				CODE_SIGN_ENTITLEMENTS = "Tick It/Tick_It.entitlements";
				CODE_SIGN_STYLE = Automatic;
				CURRENT_PROJECT_VERSION = 1;
				DEVELOPMENT_ASSET_PATHS = "\"Tick It/Preview Content\"";
				DEVELOPMENT_TEAM = 2R4546K47A;
				ENABLE_HARDENED_RUNTIME = YES;
				ENABLE_PREVIEWS = YES;
				GENERATE_INFOPLIST_FILE = YES;
				INFOPLIST_KEY_CFBundleDisplayName = "Tick 't";
				"INFOPLIST_KEY_UIApplicationSceneManifest_Generation[sdk=iphoneos*]" = YES;
				"INFOPLIST_KEY_UIApplicationSceneManifest_Generation[sdk=iphonesimulator*]" = YES;
				"INFOPLIST_KEY_UIApplicationSupportsIndirectInputEvents[sdk=iphoneos*]" = YES;
				"INFOPLIST_KEY_UIApplicationSupportsIndirectInputEvents[sdk=iphonesimulator*]" = YES;
				"INFOPLIST_KEY_UILaunchScreen_Generation[sdk=iphoneos*]" = YES;
				"INFOPLIST_KEY_UILaunchScreen_Generation[sdk=iphonesimulator*]" = YES;
				"INFOPLIST_KEY_UIStatusBarStyle[sdk=iphoneos*]" = UIStatusBarStyleDefault;
				"INFOPLIST_KEY_UIStatusBarStyle[sdk=iphonesimulator*]" = UIStatusBarStyleDefault;
				INFOPLIST_KEY_UISupportedInterfaceOrientations_iPad = "UIInterfaceOrientationPortrait UIInterfaceOrientationPortraitUpsideDown UIInterfaceOrientationLandscapeLeft UIInterfaceOrientationLandscapeRight";
				INFOPLIST_KEY_UISupportedInterfaceOrientations_iPhone = "UIInterfaceOrientationPortrait UIInterfaceOrientationLandscapeLeft UIInterfaceOrientationLandscapeRight";
				IPHONEOS_DEPLOYMENT_TARGET = 16.4;
				LD_RUNPATH_SEARCH_PATHS = "@executable_path/Frameworks";
				"LD_RUNPATH_SEARCH_PATHS[sdk=macosx*]" = "@executable_path/../Frameworks";
				MACOSX_DEPLOYMENT_TARGET = 13.3;
				MARKETING_VERSION = 1.0;
				PRODUCT_BUNDLE_IDENTIFIER = "com.gifgroen.Tick-It";
				PRODUCT_NAME = "$(TARGET_NAME)";
				SDKROOT = auto;
				SUPPORTED_PLATFORMS = "iphoneos iphonesimulator macosx";
				SWIFT_EMIT_LOC_STRINGS = YES;
				SWIFT_VERSION = 5.0;
				TARGETED_DEVICE_FAMILY = "1,2";
			};
			name = Release;
		};
		0F6B47052A1DF3CF0010E661 /* Debug */ = {
			isa = XCBuildConfiguration;
			buildSettings = {
				ALWAYS_EMBED_SWIFT_STANDARD_LIBRARIES = YES;
				BUNDLE_LOADER = "$(TEST_HOST)";
				CODE_SIGN_STYLE = Automatic;
				CURRENT_PROJECT_VERSION = 1;
				DEVELOPMENT_TEAM = 2R4546K47A;
				GENERATE_INFOPLIST_FILE = YES;
				IPHONEOS_DEPLOYMENT_TARGET = 16.4;
				MACOSX_DEPLOYMENT_TARGET = 13.3;
				MARKETING_VERSION = 1.0;
				PRODUCT_BUNDLE_IDENTIFIER = "com.gifgroen.Tick-ItTests";
				PRODUCT_NAME = "$(TARGET_NAME)";
				SDKROOT = auto;
				SUPPORTED_PLATFORMS = "iphoneos iphonesimulator macosx";
				SWIFT_EMIT_LOC_STRINGS = NO;
				SWIFT_VERSION = 5.0;
				TARGETED_DEVICE_FAMILY = "1,2";
				TEST_HOST = "$(BUILT_PRODUCTS_DIR)/Tick It.app/$(BUNDLE_EXECUTABLE_FOLDER_PATH)/Tick It";
			};
			name = Debug;
		};
		0F6B47062A1DF3CF0010E661 /* Release */ = {
			isa = XCBuildConfiguration;
			buildSettings = {
				ALWAYS_EMBED_SWIFT_STANDARD_LIBRARIES = YES;
				BUNDLE_LOADER = "$(TEST_HOST)";
				CODE_SIGN_STYLE = Automatic;
				CURRENT_PROJECT_VERSION = 1;
				DEVELOPMENT_TEAM = 2R4546K47A;
				GENERATE_INFOPLIST_FILE = YES;
				IPHONEOS_DEPLOYMENT_TARGET = 16.4;
				MACOSX_DEPLOYMENT_TARGET = 13.3;
				MARKETING_VERSION = 1.0;
				PRODUCT_BUNDLE_IDENTIFIER = "com.gifgroen.Tick-ItTests";
				PRODUCT_NAME = "$(TARGET_NAME)";
				SDKROOT = auto;
				SUPPORTED_PLATFORMS = "iphoneos iphonesimulator macosx";
				SWIFT_EMIT_LOC_STRINGS = NO;
				SWIFT_VERSION = 5.0;
				TARGETED_DEVICE_FAMILY = "1,2";
				TEST_HOST = "$(BUILT_PRODUCTS_DIR)/Tick It.app/$(BUNDLE_EXECUTABLE_FOLDER_PATH)/Tick It";
			};
			name = Release;
		};
		0F6B47082A1DF3CF0010E661 /* Debug */ = {
			isa = XCBuildConfiguration;
			buildSettings = {
				ALWAYS_EMBED_SWIFT_STANDARD_LIBRARIES = YES;
				CODE_SIGN_STYLE = Automatic;
				CURRENT_PROJECT_VERSION = 1;
				DEVELOPMENT_TEAM = 2R4546K47A;
				GENERATE_INFOPLIST_FILE = YES;
				IPHONEOS_DEPLOYMENT_TARGET = 16.4;
				MACOSX_DEPLOYMENT_TARGET = 13.3;
				MARKETING_VERSION = 1.0;
				PRODUCT_BUNDLE_IDENTIFIER = "com.gifgroen.Tick-ItUITests";
				PRODUCT_NAME = "$(TARGET_NAME)";
				SDKROOT = auto;
				SUPPORTED_PLATFORMS = "iphoneos iphonesimulator macosx";
				SWIFT_EMIT_LOC_STRINGS = NO;
				SWIFT_VERSION = 5.0;
				TARGETED_DEVICE_FAMILY = "1,2";
				TEST_TARGET_NAME = "Tick It";
			};
			name = Debug;
		};
		0F6B47092A1DF3CF0010E661 /* Release */ = {
			isa = XCBuildConfiguration;
			buildSettings = {
				ALWAYS_EMBED_SWIFT_STANDARD_LIBRARIES = YES;
				CODE_SIGN_STYLE = Automatic;
				CURRENT_PROJECT_VERSION = 1;
				DEVELOPMENT_TEAM = 2R4546K47A;
				GENERATE_INFOPLIST_FILE = YES;
				IPHONEOS_DEPLOYMENT_TARGET = 16.4;
				MACOSX_DEPLOYMENT_TARGET = 13.3;
				MARKETING_VERSION = 1.0;
				PRODUCT_BUNDLE_IDENTIFIER = "com.gifgroen.Tick-ItUITests";
				PRODUCT_NAME = "$(TARGET_NAME)";
				SDKROOT = auto;
				SUPPORTED_PLATFORMS = "iphoneos iphonesimulator macosx";
				SWIFT_EMIT_LOC_STRINGS = NO;
				SWIFT_VERSION = 5.0;
				TARGETED_DEVICE_FAMILY = "1,2";
				TEST_TARGET_NAME = "Tick It";
			};
			name = Release;
		};
/* End XCBuildConfiguration section */

/* Begin XCConfigurationList section */
		0F6B46D72A1DF3CD0010E661 /* Build configuration list for PBXProject "Tick It" */ = {
			isa = XCConfigurationList;
			buildConfigurations = (
				0F6B46FF2A1DF3CF0010E661 /* Debug */,
				0F6B47002A1DF3CF0010E661 /* Release */,
			);
			defaultConfigurationIsVisible = 0;
			defaultConfigurationName = Release;
		};
		0F6B47012A1DF3CF0010E661 /* Build configuration list for PBXNativeTarget "Tick It" */ = {
			isa = XCConfigurationList;
			buildConfigurations = (
				0F6B47022A1DF3CF0010E661 /* Debug */,
				0F6B47032A1DF3CF0010E661 /* Release */,
			);
			defaultConfigurationIsVisible = 0;
			defaultConfigurationName = Release;
		};
		0F6B47042A1DF3CF0010E661 /* Build configuration list for PBXNativeTarget "Tick ItTests" */ = {
			isa = XCConfigurationList;
			buildConfigurations = (
				0F6B47052A1DF3CF0010E661 /* Debug */,
				0F6B47062A1DF3CF0010E661 /* Release */,
			);
			defaultConfigurationIsVisible = 0;
			defaultConfigurationName = Release;
		};
		0F6B47072A1DF3CF0010E661 /* Build configuration list for PBXNativeTarget "Tick ItUITests" */ = {
			isa = XCConfigurationList;
			buildConfigurations = (
				0F6B47082A1DF3CF0010E661 /* Debug */,
				0F6B47092A1DF3CF0010E661 /* Release */,
			);
			defaultConfigurationIsVisible = 0;
			defaultConfigurationName = Release;
		};
/* End XCConfigurationList section */
	};
	rootObject = 0F6B46D42A1DF3CD0010E661 /* Project object */;
}
